
Microsoft Visual Studio Solution File, Format Version 12.00
# Visual Studio Version 17
VisualStudioVersion = 17.2.32630.192
MinimumVisualStudioVersion = 10.0.40219.1
Project("{FAE04EC0-301F-11D3-BF4B-00C04F79EFBC}") = "pdf-test", "pdf-test\pdf-test.csproj", "{F510AC2C-750D-406F-A748-0D4F21BDB12C}"
EndProject
Global
	GlobalSection(SolutionConfigurationPlatforms) = preSolution
		Debug|Any CPU = Debug|Any CPU
		Release|Any CPU = Release|Any CPU
	EndGlobalSection
	GlobalSection(ProjectConfigurationPlatforms) = postSolution
		{F510AC2C-750D-406F-A748-0D4F21BDB12C}.Debug|Any CPU.ActiveCfg = Debug|Any CPU
		{F510AC2C-750D-406F-A748-0D4F21BDB12C}.Debug|Any CPU.Build.0 = Debug|Any CPU
		{F510AC2C-750D-406F-A748-0D4F21BDB12C}.Release|Any CPU.ActiveCfg = Release|Any CPU
		{F510AC2C-750D-406F-A748-0D4F21BDB12C}.Release|Any CPU.Build.0 = Release|Any CPU
	EndGlobalSection
	GlobalSection(SolutionProperties) = preSolution
		HideSolutionNode = FALSE
	EndGlobalSection
	GlobalSection(ExtensibilityGlobals) = postSolution
		SolutionGuid = {6AB3ED57-6B15-4456-A440-96BCB66BF78F}
	EndGlobalSection
EndGlobal
